
Microsoft Visual Studio Solution File, Format Version 12.00
# Visual Studio Version 16
VisualStudioVersion = 16.0.28711.60
MinimumVisualStudioVersion = 10.0.40219.1
Project("{FAE04EC0-301F-11D3-BF4B-00C04F79EFBC}") = "BlueApron.Android", "BlueApron\BlueApron.Android\BlueApron.Android.csproj", "{D7D0ABD0-ED6C-461C-97A6-D38D3F29885C}"
EndProject
Project("{FAE04EC0-301F-11D3-BF4B-00C04F79EFBC}") = "BlueApron.iOS", "BlueApron\BlueApron.iOS\BlueApron.iOS.csproj", "{769DA0A2-3F9D-4049-A967-3FD8D2FB608A}"
EndProject
Project("{FAE04EC0-301F-11D3-BF4B-00C04F79EFBC}") = "BlueApron", "BlueApron\BlueApron\BlueApron.csproj", "{325F96A5-FD2E-408D-87C7-BA3034733B74}"
EndProject
Global
	GlobalSection(SolutionConfigurationPlatforms) = preSolution
		Debug|Any CPU = Debug|Any CPU
		Debug|iPhone = Debug|iPhone
		Debug|iPhoneSimulator = Debug|iPhoneSimulator
		Release|Any CPU = Release|Any CPU
		Release|iPhone = Release|iPhone
		Release|iPhoneSimulator = Release|iPhoneSimulator
	EndGlobalSection
	GlobalSection(ProjectConfigurationPlatforms) = postSolution
		{D7D0ABD0-ED6C-461C-97A6-D38D3F29885C}.Debug|Any CPU.ActiveCfg = Debug|Any CPU
		{D7D0ABD0-ED6C-461C-97A6-D38D3F29885C}.Debug|Any CPU.Build.0 = Debug|Any CPU
		{D7D0ABD0-ED6C-461C-97A6-D38D3F29885C}.Debug|Any CPU.Deploy.0 = Debug|Any CPU
		{D7D0ABD0-ED6C-461C-97A6-D38D3F29885C}.Debug|iPhone.ActiveCfg = Debug|Any CPU
		{D7D0ABD0-ED6C-461C-97A6-D38D3F29885C}.Debug|iPhone.Build.0 = Debug|Any CPU
		{D7D0ABD0-ED6C-461C-97A6-D38D3F29885C}.Debug|iPhone.Deploy.0 = Debug|Any CPU
		{D7D0ABD0-ED6C-461C-97A6-D38D3F29885C}.Debug|iPhoneSimulator.ActiveCfg = Debug|Any CPU
		{D7D0ABD0-ED6C-461C-97A6-D38D3F29885C}.Debug|iPhoneSimulator.Build.0 = Debug|Any CPU
		{D7D0ABD0-ED6C-461C-97A6-D38D3F29885C}.Debug|iPhoneSimulator.Deploy.0 = Debug|Any CPU
		{D7D0ABD0-ED6C-461C-97A6-D38D3F29885C}.Release|Any CPU.ActiveCfg = Release|Any CPU
		{D7D0ABD0-ED6C-461C-97A6-D38D3F29885C}.Release|Any CPU.Build.0 = Release|Any CPU
		{D7D0ABD0-ED6C-461C-97A6-D38D3F29885C}.Release|Any CPU.Deploy.0 = Release|Any CPU
		{D7D0ABD0-ED6C-461C-97A6-D38D3F29885C}.Release|iPhone.ActiveCfg = Release|Any CPU
		{D7D0ABD0-ED6C-461C-97A6-D38D3F29885C}.Release|iPhone.Build.0 = Release|Any CPU
		{D7D0ABD0-ED6C-461C-97A6-D38D3F29885C}.Release|iPhone.Deploy.0 = Release|Any CPU
		{D7D0ABD0-ED6C-461C-97A6-D38D3F29885C}.Release|iPhoneSimulator.ActiveCfg = Release|Any CPU
		{D7D0ABD0-ED6C-461C-97A6-D38D3F29885C}.Release|iPhoneSimulator.Build.0 = Release|Any CPU
		{D7D0ABD0-ED6C-461C-97A6-D38D3F29885C}.Release|iPhoneSimulator.Deploy.0 = Release|Any CPU
		{769DA0A2-3F9D-4049-A967-3FD8D2FB608A}.Debug|Any CPU.ActiveCfg = Debug|iPhoneSimulator
		{769DA0A2-3F9D-4049-A967-3FD8D2FB608A}.Debug|Any CPU.Build.0 = Debug|iPhoneSimulator
		{769DA0A2-3F9D-4049-A967-3FD8D2FB608A}.Debug|Any CPU.Deploy.0 = Debug|iPhoneSimulator
		{769DA0A2-3F9D-4049-A967-3FD8D2FB608A}.Debug|iPhone.ActiveCfg = Debug|iPhone
		{769DA0A2-3F9D-4049-A967-3FD8D2FB608A}.Debug|iPhone.Build.0 = Debug|iPhone
		{769DA0A2-3F9D-4049-A967-3FD8D2FB608A}.Debug|iPhone.Deploy.0 = Debug|iPhone
		{769DA0A2-3F9D-4049-A967-3FD8D2FB608A}.Debug|iPhoneSimulator.ActiveCfg = Debug|iPhoneSimulator
		{769DA0A2-3F9D-4049-A967-3FD8D2FB608A}.Debug|iPhoneSimulator.Build.0 = Debug|iPhoneSimulator
		{769DA0A2-3F9D-4049-A967-3FD8D2FB608A}.Debug|iPhoneSimulator.Deploy.0 = Debug|iPhoneSimulator
		{769DA0A2-3F9D-4049-A967-3FD8D2FB608A}.Release|Any CPU.ActiveCfg = Release|iPhone
		{769DA0A2-3F9D-4049-A967-3FD8D2FB608A}.Release|Any CPU.Build.0 = Release|iPhone
		{769DA0A2-3F9D-4049-A967-3FD8D2FB608A}.Release|Any CPU.Deploy.0 = Release|iPhone
		{769DA0A2-3F9D-4049-A967-3FD8D2FB608A}.Release|iPhone.ActiveCfg = Release|iPhone
		{769DA0A2-3F9D-4049-A967-3FD8D2FB608A}.Release|iPhone.Build.0 = Release|iPhone
		{769DA0A2-3F9D-4049-A967-3FD8D2FB608A}.Release|iPhone.Deploy.0 = Release|iPhone
		{769DA0A2-3F9D-4049-A967-3FD8D2FB608A}.Release|iPhoneSimulator.ActiveCfg = Release|iPhoneSimulator
		{769DA0A2-3F9D-4049-A967-3FD8D2FB608A}.Release|iPhoneSimulator.Build.0 = Release|iPhoneSimulator
		{769DA0A2-3F9D-4049-A967-3FD8D2FB608A}.Release|iPhoneSimulator.Deploy.0 = Release|iPhoneSimulator
		{325F96A5-FD2E-408D-87C7-BA3034733B74}.Debug|Any CPU.ActiveCfg = Debug|Any CPU
		{325F96A5-FD2E-408D-87C7-BA3034733B74}.Debug|Any CPU.Build.0 = Debug|Any CPU
		{325F96A5-FD2E-408D-87C7-BA3034733B74}.Debug|Any CPU.Deploy.0 = Debug|Any CPU
		{325F96A5-FD2E-408D-87C7-BA3034733B74}.Debug|iPhone.ActiveCfg = Debug|Any CPU
		{325F96A5-FD2E-408D-87C7-BA3034733B74}.Debug|iPhone.Build.0 = Debug|Any CPU
		{325F96A5-FD2E-408D-87C7-BA3034733B74}.Debug|iPhone.Deploy.0 = Debug|Any CPU
		{325F96A5-FD2E-408D-87C7-BA3034733B74}.Debug|iPhoneSimulator.ActiveCfg = Debug|Any CPU
		{325F96A5-FD2E-408D-87C7-BA3034733B74}.Debug|iPhoneSimulator.Build.0 = Debug|Any CPU
		{325F96A5-FD2E-408D-87C7-BA3034733B74}.Debug|iPhoneSimulator.Deploy.0 = Debug|Any CPU
		{325F96A5-FD2E-408D-87C7-BA3034733B74}.Release|Any CPU.ActiveCfg = Release|Any CPU
		{325F96A5-FD2E-408D-87C7-BA3034733B74}.Release|Any CPU.Build.0 = Release|Any CPU
		{325F96A5-FD2E-408D-87C7-BA3034733B74}.Release|Any CPU.Deploy.0 = Release|Any CPU
		{325F96A5-FD2E-408D-87C7-BA3034733B74}.Release|iPhone.ActiveCfg = Release|Any CPU
		{325F96A5-FD2E-408D-87C7-BA3034733B74}.Release|iPhone.Build.0 = Release|Any CPU
		{325F96A5-FD2E-408D-87C7-BA3034733B74}.Release|iPhone.Deploy.0 = Release|Any CPU
		{325F96A5-FD2E-408D-87C7-BA3034733B74}.Release|iPhoneSimulator.ActiveCfg = Release|Any CPU
		{325F96A5-FD2E-408D-87C7-BA3034733B74}.Release|iPhoneSimulator.Build.0 = Release|Any CPU
		{325F96A5-FD2E-408D-87C7-BA3034733B74}.Release|iPhoneSimulator.Deploy.0 = Release|Any CPU
	EndGlobalSection
	GlobalSection(SolutionProperties) = preSolution
		HideSolutionNode = FALSE
	EndGlobalSection
	GlobalSection(ExtensibilityGlobals) = postSolution
		SolutionGuid = {5EADDA7A-55B2-482E-9345-8C0A3A6018E3}
	EndGlobalSection
EndGlobal
